
Microsoft Visual Studio Solution File, Format Version 12.00
# Visual Studio Version 17
VisualStudioVersion = 17.8.34511.84
MinimumVisualStudioVersion = 10.0.40219.1
Project("{FAE04EC0-301F-11D3-BF4B-00C04F79EFBC}") = "MunyaiM_Assign1", "MunyaiM_Assign1\MunyaiM_Assign1.csproj", "{1110CDC2-C8A2-4166-B028-24BEF8F487B6}"
EndProject
Global
	GlobalSection(SolutionConfigurationPlatforms) = preSolution
		Debug|Any CPU = Debug|Any CPU
		Release|Any CPU = Release|Any CPU
	EndGlobalSection
	GlobalSection(ProjectConfigurationPlatforms) = postSolution
		{1110CDC2-C8A2-4166-B028-24BEF8F487B6}.Debug|Any CPU.ActiveCfg = Debug|Any CPU
		{1110CDC2-C8A2-4166-B028-24BEF8F487B6}.Debug|Any CPU.Build.0 = Debug|Any CPU
		{1110CDC2-C8A2-4166-B028-24BEF8F487B6}.Release|Any CPU.ActiveCfg = Release|Any CPU
		{1110CDC2-C8A2-4166-B028-24BEF8F487B6}.Release|Any CPU.Build.0 = Release|Any CPU
	EndGlobalSection
	GlobalSection(SolutionProperties) = preSolution
		HideSolutionNode = FALSE
	EndGlobalSection
	GlobalSection(ExtensibilityGlobals) = postSolution
		SolutionGuid = {814BD2D3-1474-4026-AC86-9BFD1866B3FA}
	EndGlobalSection
EndGlobal
